<?xml version="1.0" encoding="utf-8"?>
<Project ToolsVersion="4.0" xmlns="http://schemas.microsoft.com/developer/msbuild/2003">
  <ItemGroup>
    <Filter Include="Source Files">
      <UniqueIdentifier>{4FC737F1-C7A5-4376-A066-2A32D752A2FF}</UniqueIdentifier>
      <Extensions>cpp;c;cc;cxx;def;odl;idl;hpj;bat;asm;asmx</Extensions>
    </Filter>
    <Filter Include="Header Files">
      <UniqueIdentifier>{93995380-89BD-4b04-88EB-625FBE52EBFB}</UniqueIdentifier>
      <Extensions>h;hh;hpp;hxx;hm;inl;inc;xsd</Extensions>
    </Filter>
    <Filter Include="Resource Files">
      <UniqueIdentifier>{67DA6AB6-F800-4c08-8B7A-83BB121AAD01}</UniqueIdentifier>
      <Extensions>rc;ico;cur;bmp;dlg;rc2;rct;bin;rgs;gif;jpg;jpeg;jpe;resx;tiff;tif;png;wav;mfcribbon-ms</Extensions>
    </Filter>
  </ItemGroup>
  <ItemGroup>
    <None Include="Classic68K.ino" />
    <None Include="ClassDiagram.cd" />
  </ItemGroup>
  <ItemGroup>
    <ClInclude Include="__vm\.Classic68K.vsarduino.h">
      <Filter>Header Files</Filter>
    </ClInclude>
    <ClInclude Include="debug.h">
      <Filter>Header Files</Filter>
    </ClInclude>
    <ClInclude Include="memory.h">
      <Filter>Header Files</Filter>
    </ClInclude>
    <ClInclude Include="pins.h">
      <Filter>Header Files</Filter>
    </ClInclude>
    <ClInclude Include="registers.h">
      <Filter>Header Files</Filter>
    </ClInclude>
    <ClInclude Include="InstructionExecution.h">
      <Filter>Header Files</Filter>
    </ClInclude>
    <ClInclude Include="InstructionMasks.h">
      <Filter>Header Files</Filter>
    </ClInclude>
    <ClInclude Include="header_template.h">
      <Filter>Header Files</Filter>
    </ClInclude>
    <ClInclude Include="instr_masks_minor_0000.h">
      <Filter>Header Files</Filter>
    </ClInclude>
    <ClInclude Include="instr_masks_minor_00--.h">
      <Filter>Header Files</Filter>
    </ClInclude>
    <ClInclude Include="instr_masks_minor_0100.h">
      <Filter>Header Files</Filter>
    </ClInclude>
    <ClInclude Include="instr_masks_minor_0101.h">
      <Filter>Header Files</Filter>
    </ClInclude>
    <ClInclude Include="instr_masks_minor_0110.h">
      <Filter>Header Files</Filter>
    </ClInclude>
    <ClInclude Include="instr_masks_minor_0111.h">
      <Filter>Header Files</Filter>
    </ClInclude>
    <ClInclude Include="instr_masks_minor_1000.h">
      <Filter>Header Files</Filter>
    </ClInclude>
    <ClInclude Include="instr_masks_minor_1001.h">
      <Filter>Header Files</Filter>
    </ClInclude>
    <ClInclude Include="instr_masks_minor_1010.h">
      <Filter>Header Files</Filter>
    </ClInclude>
    <ClInclude Include="instr_masks_minor_1011.h">
      <Filter>Header Files</Filter>
    </ClInclude>
    <ClInclude Include="instr_masks_minor_1100.h">
      <Filter>Header Files</Filter>
    </ClInclude>
    <ClInclude Include="instr_masks_minor_1101.h">
      <Filter>Header Files</Filter>
    </ClInclude>
    <ClInclude Include="instr_masks_minor_1110.h">
      <Filter>Header Files</Filter>
    </ClInclude>
    <ClInclude Include="instr_masks_minor_1111.h">
      <Filter>Header Files</Filter>
    </ClInclude>
    <ClInclude Include="Trap.h">
      <Filter>Header Files</Filter>
    </ClInclude>
  </ItemGroup>
  <ItemGroup>
    <ClCompile Include="debug.cpp">
      <Filter>Source Files</Filter>
    </ClCompile>
    <ClCompile Include="memory.cpp">
      <Filter>Source Files</Filter>
    </ClCompile>
    <ClCompile Include="pins.cpp">
      <Filter>Source Files</Filter>
    </ClCompile>
    <ClCompile Include="registers.cpp">
      <Filter>Source Files</Filter>
    </ClCompile>
    <ClCompile Include="InstructionExecution.cpp">
      <Filter>Source Files</Filter>
    </ClCompile>
    <ClCompile Include="instr_major_00.cpp">
      <Filter>Source Files</Filter>
    </ClCompile>
    <ClCompile Include="instr_major_01.cpp">
      <Filter>Source Files</Filter>
    </ClCompile>
    <ClCompile Include="instr_major_10.cpp">
      <Filter>Source Files</Filter>
    </ClCompile>
    <ClCompile Include="instr_major_11.cpp">
      <Filter>Source Files</Filter>
    </ClCompile>
    <ClCompile Include="Classic68K.cpp">
      <Filter>Source Files</Filter>
    </ClCompile>
    <ClCompile Include="Trap.cpp">
      <Filter>Source Files</Filter>
    </ClCompile>
  </ItemGroup>
</Project>